
Microsoft Visual Studio Solution File, Format Version 12.00
# Visual Studio Version 17
VisualStudioVersion = 17.0.31903.59
MinimumVisualStudioVersion = 10.0.40219.1
Project("{FAE04EC0-301F-11D3-BF4B-00C04F79EFBC}") = "API", "API\API.csproj", "{4A6DA837-A1F4-43F2-A0AB-DFF58EF4E19F}"
EndProject
Project("{FAE04EC0-301F-11D3-BF4B-00C04F79EFBC}") = "Aplication", "Aplication\Aplication.csproj", "{CDE1AF2C-5BD8-4635-A02A-5317D97FAAE0}"
EndProject
Project("{FAE04EC0-301F-11D3-BF4B-00C04F79EFBC}") = "Domain", "Domain\Domain.csproj", "{FD7C2ABA-32C3-44A0-AE14-39CC34152313}"
EndProject
Project("{FAE04EC0-301F-11D3-BF4B-00C04F79EFBC}") = "Persistence", "Persistence\Persistence.csproj", "{0A10086F-F697-4F33-A623-A3300D8286F3}"
EndProject
Global
	GlobalSection(SolutionConfigurationPlatforms) = preSolution
		Debug|Any CPU = Debug|Any CPU
		Debug|x64 = Debug|x64
		Debug|x86 = Debug|x86
		Release|Any CPU = Release|Any CPU
		Release|x64 = Release|x64
		Release|x86 = Release|x86
	EndGlobalSection
	GlobalSection(ProjectConfigurationPlatforms) = postSolution
		{4A6DA837-A1F4-43F2-A0AB-DFF58EF4E19F}.Debug|Any CPU.ActiveCfg = Debug|Any CPU
		{4A6DA837-A1F4-43F2-A0AB-DFF58EF4E19F}.Debug|Any CPU.Build.0 = Debug|Any CPU
		{4A6DA837-A1F4-43F2-A0AB-DFF58EF4E19F}.Debug|x64.ActiveCfg = Debug|Any CPU
		{4A6DA837-A1F4-43F2-A0AB-DFF58EF4E19F}.Debug|x64.Build.0 = Debug|Any CPU
		{4A6DA837-A1F4-43F2-A0AB-DFF58EF4E19F}.Debug|x86.ActiveCfg = Debug|Any CPU
		{4A6DA837-A1F4-43F2-A0AB-DFF58EF4E19F}.Debug|x86.Build.0 = Debug|Any CPU
		{4A6DA837-A1F4-43F2-A0AB-DFF58EF4E19F}.Release|Any CPU.ActiveCfg = Release|Any CPU
		{4A6DA837-A1F4-43F2-A0AB-DFF58EF4E19F}.Release|Any CPU.Build.0 = Release|Any CPU
		{4A6DA837-A1F4-43F2-A0AB-DFF58EF4E19F}.Release|x64.ActiveCfg = Release|Any CPU
		{4A6DA837-A1F4-43F2-A0AB-DFF58EF4E19F}.Release|x64.Build.0 = Release|Any CPU
		{4A6DA837-A1F4-43F2-A0AB-DFF58EF4E19F}.Release|x86.ActiveCfg = Release|Any CPU
		{4A6DA837-A1F4-43F2-A0AB-DFF58EF4E19F}.Release|x86.Build.0 = Release|Any CPU
		{CDE1AF2C-5BD8-4635-A02A-5317D97FAAE0}.Debug|Any CPU.ActiveCfg = Debug|Any CPU
		{CDE1AF2C-5BD8-4635-A02A-5317D97FAAE0}.Debug|Any CPU.Build.0 = Debug|Any CPU
		{CDE1AF2C-5BD8-4635-A02A-5317D97FAAE0}.Debug|x64.ActiveCfg = Debug|Any CPU
		{CDE1AF2C-5BD8-4635-A02A-5317D97FAAE0}.Debug|x64.Build.0 = Debug|Any CPU
		{CDE1AF2C-5BD8-4635-A02A-5317D97FAAE0}.Debug|x86.ActiveCfg = Debug|Any CPU
		{CDE1AF2C-5BD8-4635-A02A-5317D97FAAE0}.Debug|x86.Build.0 = Debug|Any CPU
		{CDE1AF2C-5BD8-4635-A02A-5317D97FAAE0}.Release|Any CPU.ActiveCfg = Release|Any CPU
		{CDE1AF2C-5BD8-4635-A02A-5317D97FAAE0}.Release|Any CPU.Build.0 = Release|Any CPU
		{CDE1AF2C-5BD8-4635-A02A-5317D97FAAE0}.Release|x64.ActiveCfg = Release|Any CPU
		{CDE1AF2C-5BD8-4635-A02A-5317D97FAAE0}.Release|x64.Build.0 = Release|Any CPU
		{CDE1AF2C-5BD8-4635-A02A-5317D97FAAE0}.Release|x86.ActiveCfg = Release|Any CPU
		{CDE1AF2C-5BD8-4635-A02A-5317D97FAAE0}.Release|x86.Build.0 = Release|Any CPU
		{FD7C2ABA-32C3-44A0-AE14-39CC34152313}.Debug|Any CPU.ActiveCfg = Debug|Any CPU
		{FD7C2ABA-32C3-44A0-AE14-39CC34152313}.Debug|Any CPU.Build.0 = Debug|Any CPU
		{FD7C2ABA-32C3-44A0-AE14-39CC34152313}.Debug|x64.ActiveCfg = Debug|Any CPU
		{FD7C2ABA-32C3-44A0-AE14-39CC34152313}.Debug|x64.Build.0 = Debug|Any CPU
		{FD7C2ABA-32C3-44A0-AE14-39CC34152313}.Debug|x86.ActiveCfg = Debug|Any CPU
		{FD7C2ABA-32C3-44A0-AE14-39CC34152313}.Debug|x86.Build.0 = Debug|Any CPU
		{FD7C2ABA-32C3-44A0-AE14-39CC34152313}.Release|Any CPU.ActiveCfg = Release|Any CPU
		{FD7C2ABA-32C3-44A0-AE14-39CC34152313}.Release|Any CPU.Build.0 = Release|Any CPU
		{FD7C2ABA-32C3-44A0-AE14-39CC34152313}.Release|x64.ActiveCfg = Release|Any CPU
		{FD7C2ABA-32C3-44A0-AE14-39CC34152313}.Release|x64.Build.0 = Release|Any CPU
		{FD7C2ABA-32C3-44A0-AE14-39CC34152313}.Release|x86.ActiveCfg = Release|Any CPU
		{FD7C2ABA-32C3-44A0-AE14-39CC34152313}.Release|x86.Build.0 = Release|Any CPU
		{0A10086F-F697-4F33-A623-A3300D8286F3}.Debug|Any CPU.ActiveCfg = Debug|Any CPU
		{0A10086F-F697-4F33-A623-A3300D8286F3}.Debug|Any CPU.Build.0 = Debug|Any CPU
		{0A10086F-F697-4F33-A623-A3300D8286F3}.Debug|x64.ActiveCfg = Debug|Any CPU
		{0A10086F-F697-4F33-A623-A3300D8286F3}.Debug|x64.Build.0 = Debug|Any CPU
		{0A10086F-F697-4F33-A623-A3300D8286F3}.Debug|x86.ActiveCfg = Debug|Any CPU
		{0A10086F-F697-4F33-A623-A3300D8286F3}.Debug|x86.Build.0 = Debug|Any CPU
		{0A10086F-F697-4F33-A623-A3300D8286F3}.Release|Any CPU.ActiveCfg = Release|Any CPU
		{0A10086F-F697-4F33-A623-A3300D8286F3}.Release|Any CPU.Build.0 = Release|Any CPU
		{0A10086F-F697-4F33-A623-A3300D8286F3}.Release|x64.ActiveCfg = Release|Any CPU
		{0A10086F-F697-4F33-A623-A3300D8286F3}.Release|x64.Build.0 = Release|Any CPU
		{0A10086F-F697-4F33-A623-A3300D8286F3}.Release|x86.ActiveCfg = Release|Any CPU
		{0A10086F-F697-4F33-A623-A3300D8286F3}.Release|x86.Build.0 = Release|Any CPU
	EndGlobalSection
	GlobalSection(SolutionProperties) = preSolution
		HideSolutionNode = FALSE
	EndGlobalSection
EndGlobal
